
Microsoft Visual Studio Solution File, Format Version 12.00
# Visual Studio Version 17
VisualStudioVersion = 17.6.33712.159
MinimumVisualStudioVersion = 10.0.40219.1
Project("{9A19103F-16F7-4668-BE54-9A1E7A4F7556}") = "MarketParser", "MarketParser\MarketParser.csproj", "{34ABD9FB-0532-44FC-ACD5-F27AC447E484}"
EndProject
Project("{FAE04EC0-301F-11D3-BF4B-00C04F79EFBC}") = "WinFormsApp", "WinFormsApp\WinFormsApp.csproj", "{DF2536E9-A7AF-421C-AD38-61D3E7CD6296}"
EndProject
Global
	GlobalSection(SolutionConfigurationPlatforms) = preSolution
		Debug|Any CPU = Debug|Any CPU
		Release|Any CPU = Release|Any CPU
	EndGlobalSection
	GlobalSection(ProjectConfigurationPlatforms) = postSolution
		{34ABD9FB-0532-44FC-ACD5-F27AC447E484}.Debug|Any CPU.ActiveCfg = Debug|Any CPU
		{34ABD9FB-0532-44FC-ACD5-F27AC447E484}.Debug|Any CPU.Build.0 = Debug|Any CPU
		{34ABD9FB-0532-44FC-ACD5-F27AC447E484}.Release|Any CPU.ActiveCfg = Release|Any CPU
		{34ABD9FB-0532-44FC-ACD5-F27AC447E484}.Release|Any CPU.Build.0 = Release|Any CPU
		{DF2536E9-A7AF-421C-AD38-61D3E7CD6296}.Debug|Any CPU.ActiveCfg = Debug|Any CPU
		{DF2536E9-A7AF-421C-AD38-61D3E7CD6296}.Debug|Any CPU.Build.0 = Debug|Any CPU
		{DF2536E9-A7AF-421C-AD38-61D3E7CD6296}.Release|Any CPU.ActiveCfg = Release|Any CPU
		{DF2536E9-A7AF-421C-AD38-61D3E7CD6296}.Release|Any CPU.Build.0 = Release|Any CPU
	EndGlobalSection
	GlobalSection(SolutionProperties) = preSolution
		HideSolutionNode = FALSE
	EndGlobalSection
	GlobalSection(ExtensibilityGlobals) = postSolution
		SolutionGuid = {6C3DDDD9-3027-4C7D-A607-617CFFD00710}
	EndGlobalSection
EndGlobal
